
Microsoft Visual Studio Solution File, Format Version 12.00
# Visual Studio Version 16
VisualStudioVersion = 16.0.29806.167
MinimumVisualStudioVersion = 10.0.40219.1
Project("{FAE04EC0-301F-11D3-BF4B-00C04F79EFBC}") = "APBD-cw1", "APBD-cw1\APBD-cw1.csproj", "{701C4B9B-8C30-4F78-8EB5-47A0D61E44F3}"
EndProject
Global
	GlobalSection(SolutionConfigurationPlatforms) = preSolution
		Debug|Any CPU = Debug|Any CPU
		Release|Any CPU = Release|Any CPU
	EndGlobalSection
	GlobalSection(ProjectConfigurationPlatforms) = postSolution
		{701C4B9B-8C30-4F78-8EB5-47A0D61E44F3}.Debug|Any CPU.ActiveCfg = Debug|Any CPU
		{701C4B9B-8C30-4F78-8EB5-47A0D61E44F3}.Debug|Any CPU.Build.0 = Debug|Any CPU
		{701C4B9B-8C30-4F78-8EB5-47A0D61E44F3}.Release|Any CPU.ActiveCfg = Release|Any CPU
		{701C4B9B-8C30-4F78-8EB5-47A0D61E44F3}.Release|Any CPU.Build.0 = Release|Any CPU
	EndGlobalSection
	GlobalSection(SolutionProperties) = preSolution
		HideSolutionNode = FALSE
	EndGlobalSection
	GlobalSection(ExtensibilityGlobals) = postSolution
		SolutionGuid = {2B19A1F9-E315-4CE1-B26D-913DAE759847}
	EndGlobalSection
EndGlobal
